
Microsoft Visual Studio Solution File, Format Version 12.00
# Visual Studio Version 17
VisualStudioVersion = 17.9.34622.214
MinimumVisualStudioVersion = 10.0.40219.1
Project("{FAE04EC0-301F-11D3-BF4B-00C04F79EFBC}") = "SiteReq", "SiteReq\SiteReq.csproj", "{742D6FD1-1DAC-4B42-AAA7-A379B592C711}"
EndProject
Global
	GlobalSection(SolutionConfigurationPlatforms) = preSolution
		Debug|Any CPU = Debug|Any CPU
		Release|Any CPU = Release|Any CPU
	EndGlobalSection
	GlobalSection(ProjectConfigurationPlatforms) = postSolution
		{742D6FD1-1DAC-4B42-AAA7-A379B592C711}.Debug|Any CPU.ActiveCfg = Debug|Any CPU
		{742D6FD1-1DAC-4B42-AAA7-A379B592C711}.Debug|Any CPU.Build.0 = Debug|Any CPU
		{742D6FD1-1DAC-4B42-AAA7-A379B592C711}.Release|Any CPU.ActiveCfg = Release|Any CPU
		{742D6FD1-1DAC-4B42-AAA7-A379B592C711}.Release|Any CPU.Build.0 = Release|Any CPU
	EndGlobalSection
	GlobalSection(SolutionProperties) = preSolution
		HideSolutionNode = FALSE
	EndGlobalSection
	GlobalSection(ExtensibilityGlobals) = postSolution
		SolutionGuid = {4F549AB7-C08D-4BBA-B911-5B0C81F083AB}
	EndGlobalSection
EndGlobal
